
Microsoft Visual Studio Solution File, Format Version 12.00
# Visual Studio 15
VisualStudioVersion = 15.0.28010.2050
MinimumVisualStudioVersion = 10.0.40219.1
Project("{FAE04EC0-301F-11D3-BF4B-00C04F79EFBC}") = "FitnessAPI", "FitnessAPI\FitnessAPI.csproj", "{804418BE-75B3-4457-BEDB-350F2245A579}"
EndProject
Global
	GlobalSection(SolutionConfigurationPlatforms) = preSolution
		Debug|Any CPU = Debug|Any CPU
		Release|Any CPU = Release|Any CPU
	EndGlobalSection
	GlobalSection(ProjectConfigurationPlatforms) = postSolution
		{804418BE-75B3-4457-BEDB-350F2245A579}.Debug|Any CPU.ActiveCfg = Debug|Any CPU
		{804418BE-75B3-4457-BEDB-350F2245A579}.Debug|Any CPU.Build.0 = Debug|Any CPU
		{804418BE-75B3-4457-BEDB-350F2245A579}.Release|Any CPU.ActiveCfg = Release|Any CPU
		{804418BE-75B3-4457-BEDB-350F2245A579}.Release|Any CPU.Build.0 = Release|Any CPU
	EndGlobalSection
	GlobalSection(SolutionProperties) = preSolution
		HideSolutionNode = FALSE
	EndGlobalSection
	GlobalSection(ExtensibilityGlobals) = postSolution
		SolutionGuid = {FE36DC99-E227-4FDD-B362-ABFE5CD716DD}
	EndGlobalSection
EndGlobal
